absl-py==2.5.0
annotated-doc==0.0.5
annotated-types==0.8.0
anyio==4.15.1
attrs==26.1.0
certifi==2026.7.22
cffi==2.1.1
click==8.5.0
cloudpickle==3.1.2
contourpy==1.3.3
cycler==0.12.1
cython==3.3.0
fastapi==0.141.1
flatbuffers==25.12.19
fonttools==4.64.0
gazefollower==1.0.2
h11==0.16.0
httpcore==1.0.9
httpx==0.28.1
idna==3.19
jax==0.4.30
jaxlib==0.4.30
joblib==1.6.0
kiwisolver==1.5.1
matplotlib==3.11.1
mediapipe==0.10.21
ml-dtypes==0.5.4
mnn==3.6.1
narwhals==2.25.0
numpy==1.26.4
opencv-contrib-python==4.11.0.86
opencv-python==4.11.0.86
opt-einsum==3.4.0
packaging==26.3
pandas==3.0.5
pillow==12.3.0
protobuf==4.25.9
pycparser==3.0
pydantic==2.13.5
pydantic-core==2.46.5
pygame==2.6.1
pyobjc-core==12.2.2
pyobjc-framework-cocoa==12.2.2
pyparsing==3.3.2
python-dateutil==2.9.0.post0
scikit-learn==1.9.0
scipy==1.17.1
screeninfo==0.8.1
sentencepiece==0.2.2
six==1.17.0
sounddevice==0.5.6
starlette==1.6.0
threadpoolctl==3.6.0
typing-extensions==4.16.0
typing-inspection==0.4.4
uvicorn==0.52.4
